
Microsoft Visual Studio Solution File, Format Version 12.00
# Visual Studio Version 17
VisualStudioVersion = 17.4.33213.308
MinimumVisualStudioVersion = 10.0.40219.1
Project("{FAE04EC0-301F-11D3-BF4B-00C04F79EFBC}") = "Lesson08", "Lesson08\Lesson08.csproj", "{BE297DF8-95A3-45E8-B12B-302EE4A733B1}"
EndProject
Global
	GlobalSection(SolutionConfigurationPlatforms) = preSolution
		Debug|Any CPU = Debug|Any CPU
		Release|Any CPU = Release|Any CPU
	EndGlobalSection
	GlobalSection(ProjectConfigurationPlatforms) = postSolution
		{BE297DF8-95A3-45E8-B12B-302EE4A733B1}.Debug|Any CPU.ActiveCfg = Debug|Any CPU
		{BE297DF8-95A3-45E8-B12B-302EE4A733B1}.Debug|Any CPU.Build.0 = Debug|Any CPU
		{BE297DF8-95A3-45E8-B12B-302EE4A733B1}.Release|Any CPU.ActiveCfg = Release|Any CPU
		{BE297DF8-95A3-45E8-B12B-302EE4A733B1}.Release|Any CPU.Build.0 = Release|Any CPU
	EndGlobalSection
	GlobalSection(SolutionProperties) = preSolution
		HideSolutionNode = FALSE
	EndGlobalSection
	GlobalSection(ExtensibilityGlobals) = postSolution
		SolutionGuid = {97426850-5A13-4257-A30B-B97DBED5079C}
	EndGlobalSection
EndGlobal
